// !$*UTF8*$!
{
	archiveVersion = 1;
	classes = {
	};
	objectVersion = 50;
	objects = {

/* Begin PBXBuildFile section */
		28F60AC52570D84800914EBD /* AppDelegate.swift in Sources */ = {isa = PBXBuildFile; fileRef = 28F60AC42570D84800914EBD /* AppDelegate.swift */; };
		28F60AC72570D84800914EBD /* SceneDelegate.swift in Sources */ = {isa = PBXBuildFile; fileRef = 28F60AC62570D84800914EBD /* SceneDelegate.swift */; };
		28F60AC92570D84800914EBD /* ViewController.swift in Sources */ = {isa = PBXBuildFile; fileRef = 28F60AC82570D84800914EBD /* ViewController.swift */; };
		28F60ACC2570D84800914EBD /* Main.storyboard in Resources */ = {isa = PBXBuildFile; fileRef = 28F60ACA2570D84800914EBD /* Main.storyboard */; };
		28F60ACE2570D84900914EBD /* Assets.xcassets in Resources */ = {isa = PBXBuildFile; fileRef = 28F60ACD2570D84900914EBD /* Assets.xcassets */; };
		28F60AD12570D84900914EBD /* LaunchScreen.storyboard in Resources */ = {isa = PBXBuildFile; fileRef = 28F60ACF2570D84900914EBD /* LaunchScreen.storyboard */; };
		28F60ADC2570D84900914EBD /* HW8___FamilyTests.swift in Sources */ = {isa = PBXBuildFile; fileRef = 28F60ADB2570D84900914EBD /* HW8___FamilyTests.swift */; };
		28F60AE72570D84900914EBD /* HW8___FamilyUITests.swift in Sources */ = {isa = PBXBuildFile; fileRef = 28F60AE62570D84900914EBD /* HW8___FamilyUITests.swift */; };
		28F60B032570E6B300914EBD /* Person.swift in Sources */ = {isa = PBXBuildFile; fileRef = 28F60B022570E6B300914EBD /* Person.swift */; };
		28F60B092570E9D900914EBD /* DataManager.swift in Sources */ = {isa = PBXBuildFile; fileRef = 28F60B082570E9D900914EBD /* DataManager.swift */; };
/* End PBXBuildFile section */

/* Begin PBXContainerItemProxy section */
		28F60AD82570D84900914EBD /* PBXContainerItemProxy */ = {
			isa = PBXContainerItemProxy;
			containerPortal = 28F60AB92570D84800914EBD /* Project object */;
			proxyType = 1;
			remoteGlobalIDString = 28F60AC02570D84800914EBD;
			remoteInfo = "HW8 - Family";
		};
		28F60AE32570D84900914EBD /* PBXContainerItemProxy */ = {
			isa = PBXContainerItemProxy;
			containerPortal = 28F60AB92570D84800914EBD /* Project object */;
			proxyType = 1;
			remoteGlobalIDString = 28F60AC02570D84800914EBD;
			remoteInfo = "HW8 - Family";
		};
/* End PBXContainerItemProxy section */

/* Begin PBXFileReference section */
		28F60AC12570D84800914EBD /* HW8 - Family.app */ = {isa = PBXFileReference; explicitFileType = wrapper.application; includeInIndex = 0; path = "HW8 - Family.app"; sourceTree = BUILT_PRODUCTS_DIR; };
		28F60AC42570D84800914EBD /* AppDelegate.swift */ = {isa = PBXFileReference; lastKnownFileType = sourcecode.swift; path = AppDelegate.swift; sourceTree = "<group>"; };
		28F60AC62570D84800914EBD /* SceneDelegate.swift */ = {isa = PBXFileReference; lastKnownFileType = sourcecode.swift; path = SceneDelegate.swift; sourceTree = "<group>"; };
		28F60AC82570D84800914EBD /* ViewController.swift */ = {isa = PBXFileReference; lastKnownFileType = sourcecode.swift; path = ViewController.swift; sourceTree = "<group>"; };
		28F60ACB2570D84800914EBD /* Base */ = {isa = PBXFileReference; lastKnownFileType = file.storyboard; name = Base; path = Base.lproj/Main.storyboard; sourceTree = "<group>"; };
		28F60ACD2570D84900914EBD /* Assets.xcassets */ = {isa = PBXFileReference; lastKnownFileType = folder.assetcatalog; path = Assets.xcassets; sourceTree = "<group>"; };
		28F60AD02570D84900914EBD /* Base */ = {isa = PBXFileReference; lastKnownFileType = file.storyboard; name = Base; path = Base.lproj/LaunchScreen.storyboard; sourceTree = "<group>"; };
		28F60AD22570D84900914EBD /* Info.plist */ = {isa = PBXFileReference; lastKnownFileType = text.plist.xml; path = Info.plist; sourceTree = "<group>"; };
		28F60AD72570D84900914EBD /* HW8 - FamilyTests.xctest */ = {isa = PBXFileReference; explicitFileType = wrapper.cfbundle; includeInIndex = 0; path = "HW8 - FamilyTests.xctest"; sourceTree = BUILT_PRODUCTS_DIR; };
		28F60ADB2570D84900914EBD /* HW8___FamilyTests.swift */ = {isa = PBXFileReference; lastKnownFileType = sourcecode.swift; path = "HW8___FamilyTests.swift"; sourceTree = "<group>"; };
		28F60ADD2570D84900914EBD /* Info.plist */ = {isa = PBXFileReference; lastKnownFileType = text.plist.xml; path = Info.plist; sourceTree = "<group>"; };
		28F60AE22570D84900914EBD /* HW8 - FamilyUITests.xctest */ = {isa = PBXFileReference; explicitFileType = wrapper.cfbundle; includeInIndex = 0; path = "HW8 - FamilyUITests.xctest"; sourceTree = BUILT_PRODUCTS_DIR; };
		28F60AE62570D84900914EBD /* HW8___FamilyUITests.swift */ = {isa = PBXFileReference; lastKnownFileType = sourcecode.swift; path = "HW8___FamilyUITests.swift"; sourceTree = "<group>"; };
		28F60AE82570D84900914EBD /* Info.plist */ = {isa = PBXFileReference; lastKnownFileType = text.plist.xml; path = Info.plist; sourceTree = "<group>"; };
		28F60B022570E6B300914EBD /* Person.swift */ = {isa = PBXFileReference; lastKnownFileType = sourcecode.swift; path = Person.swift; sourceTree = "<group>"; };
		28F60B082570E9D900914EBD /* DataManager.swift */ = {isa = PBXFileReference; lastKnownFileType = sourcecode.swift; path = DataManager.swift; sourceTree = "<group>"; };
/* End PBXFileReference section */

/* Begin PBXFrameworksBuildPhase section */
		28F60ABE2570D84800914EBD /* Frameworks */ = {
			isa = PBXFrameworksBuildPhase;
			buildActionMask = 2147483647;
			files = (
			);
			runOnlyForDeploymentPostprocessing = 0;
		};
		28F60AD42570D84900914EBD /* Frameworks */ = {
			isa = PBXFrameworksBuildPhase;
			buildActionMask = 2147483647;
			files = (
			);
			runOnlyForDeploymentPostprocessing = 0;
		};
		28F60ADF2570D84900914EBD /* Frameworks */ = {
			isa = PBXFrameworksBuildPhase;
			buildActionMask = 2147483647;
			files = (
			);
			runOnlyForDeploymentPostprocessing = 0;
		};
/* End PBXFrameworksBuildPhase section */

/* Begin PBXGroup section */
		28F60AB82570D84800914EBD = {
			isa = PBXGroup;
			children = (
				28F60AC32570D84800914EBD /* HW8 - Family */,
				28F60ADA2570D84900914EBD /* HW8 - FamilyTests */,
				28F60AE52570D84900914EBD /* HW8 - FamilyUITests */,
				28F60AC22570D84800914EBD /* Products */,
			);
			sourceTree = "<group>";
		};
		28F60AC22570D84800914EBD /* Products */ = {
			isa = PBXGroup;
			children = (
				28F60AC12570D84800914EBD /* HW8 - Family.app */,
				28F60AD72570D84900914EBD /* HW8 - FamilyTests.xctest */,
				28F60AE22570D84900914EBD /* HW8 - FamilyUITests.xctest */,
			);
			name = Products;
			sourceTree = "<group>";
		};
		28F60AC32570D84800914EBD /* HW8 - Family */ = {
			isa = PBXGroup;
			children = (
				28F60B072570E8F700914EBD /* Helpers */,
				28F60B012570E67300914EBD /* Models */,
				28F60AF72570D8A300914EBD /* App */,
				28F60AF92570D8F200914EBD /* Controllers */,
				28F60AF82570D8CB00914EBD /* Storyboards */,
				28F60AFD2570D90900914EBD /* Resources */,
				28F60AD22570D84900914EBD /* Info.plist */,
			);
			path = "HW8 - Family";
			sourceTree = "<group>";
		};
		28F60ADA2570D84900914EBD /* HW8 - FamilyTests */ = {
			isa = PBXGroup;
			children = (
				28F60ADB2570D84900914EBD /* HW8___FamilyTests.swift */,
				28F60ADD2570D84900914EBD /* Info.plist */,
			);
			path = "HW8 - FamilyTests";
			sourceTree = "<group>";
		};
		28F60AE52570D84900914EBD /* HW8 - FamilyUITests */ = {
			isa = PBXGroup;
			children = (
				28F60AE62570D84900914EBD /* HW8___FamilyUITests.swift */,
				28F60AE82570D84900914EBD /* Info.plist */,
			);
			path = "HW8 - FamilyUITests";
			sourceTree = "<group>";
		};
		28F60AF72570D8A300914EBD /* App */ = {
			isa = PBXGroup;
			children = (
				28F60AC42570D84800914EBD /* AppDelegate.swift */,
				28F60AC62570D84800914EBD /* SceneDelegate.swift */,
			);
			path = App;
			sourceTree = "<group>";
		};
		28F60AF82570D8CB00914EBD /* Storyboards */ = {
			isa = PBXGroup;
			children = (
				28F60ACF2570D84900914EBD /* LaunchScreen.storyboard */,
				28F60ACA2570D84800914EBD /* Main.storyboard */,
			);
			path = Storyboards;
			sourceTree = "<group>";
		};
		28F60AF92570D8F200914EBD /* Controllers */ = {
			isa = PBXGroup;
			children = (
				28F60AC82570D84800914EBD /* ViewController.swift */,
			);
			path = Controllers;
			sourceTree = "<group>";
		};
		28F60AFD2570D90900914EBD /* Resources */ = {
			isa = PBXGroup;
			children = (
				28F60ACD2570D84900914EBD /* Assets.xcassets */,
			);
			path = Resources;
			sourceTree = "<group>";
		};
		28F60B012570E67300914EBD /* Models */ = {
			isa = PBXGroup;
			children = (
				28F60B022570E6B300914EBD /* Person.swift */,
			);
			path = Models;
			sourceTree = "<group>";
		};
		28F60B072570E8F700914EBD /* Helpers */ = {
			isa = PBXGroup;
			children = (
				28F60B082570E9D900914EBD /* DataManager.swift */,
			);
			path = Helpers;
			sourceTree = "<group>";
		};
/* End PBXGroup section */

/* Begin PBXNativeTarget section */
		28F60AC02570D84800914EBD /* HW8 - Family */ = {
			isa = PBXNativeTarget;
			buildConfigurationList = 28F60AEB2570D84900914EBD /* Build configuration list for PBXNativeTarget "HW8 - Family" */;
			buildPhases = (
				28F60ABD2570D84800914EBD /* Sources */,
				28F60ABE2570D84800914EBD /* Frameworks */,
				28F60ABF2570D84800914EBD /* Resources */,
			);
			buildRules = (
			);
			dependencies = (
			);
			name = "HW8 - Family";
			productName = "HW8 - Family";
			productReference = 28F60AC12570D84800914EBD /* HW8 - Family.app */;
			productType = "com.apple.product-type.application";
		};
		28F60AD62570D84900914EBD /* HW8 - FamilyTests */ = {
			isa = PBXNativeTarget;
			buildConfigurationList = 28F60AEE2570D84900914EBD /* Build configuration list for PBXNativeTarget "HW8 - FamilyTests" */;
			buildPhases = (
				28F60AD32570D84900914EBD /* Sources */,
				28F60AD42570D84900914EBD /* Frameworks */,
				28F60AD52570D84900914EBD /* Resources */,
			);
			buildRules = (
			);
			dependencies = (
				28F60AD92570D84900914EBD /* PBXTargetDependency */,
			);
			name = "HW8 - FamilyTests";
			productName = "HW8 - FamilyTests";
			productReference = 28F60AD72570D84900914EBD /* HW8 - FamilyTests.xctest */;
			productType = "com.apple.product-type.bundle.unit-test";
		};
		28F60AE12570D84900914EBD /* HW8 - FamilyUITests */ = {
			isa = PBXNativeTarget;
			buildConfigurationList = 28F60AF12570D84900914EBD /* Build configuration list for PBXNativeTarget "HW8 - FamilyUITests" */;
			buildPhases = (
				28F60ADE2570D84900914EBD /* Sources */,
				28F60ADF2570D84900914EBD /* Frameworks */,
				28F60AE02570D84900914EBD /* Resources */,
			);
			buildRules = (
			);
			dependencies = (
				28F60AE42570D84900914EBD /* PBXTargetDependency */,
			);
			name = "HW8 - FamilyUITests";
			productName = "HW8 - FamilyUITests";
			productReference = 28F60AE22570D84900914EBD /* HW8 - FamilyUITests.xctest */;
			productType = "com.apple.product-type.bundle.ui-testing";
		};
/* End PBXNativeTarget section */

/* Begin PBXProject section */
		28F60AB92570D84800914EBD /* Project object */ = {
			isa = PBXProject;
			attributes = {
				LastSwiftUpdateCheck = 1220;
				LastUpgradeCheck = 1220;
				TargetAttributes = {
					28F60AC02570D84800914EBD = {
						CreatedOnToolsVersion = 12.2;
					};
					28F60AD62570D84900914EBD = {
						CreatedOnToolsVersion = 12.2;
						TestTargetID = 28F60AC02570D84800914EBD;
					};
					28F60AE12570D84900914EBD = {
						CreatedOnToolsVersion = 12.2;
						TestTargetID = 28F60AC02570D84800914EBD;
					};
				};
			};
			buildConfigurationList = 28F60ABC2570D84800914EBD /* Build configuration list for PBXProject "HW8 - Family" */;
			compatibilityVersion = "Xcode 9.3";
			developmentRegion = en;
			hasScannedForEncodings = 0;
			knownRegions = (
				en,
				Base,
			);
			mainGroup = 28F60AB82570D84800914EBD;
			productRefGroup = 28F60AC22570D84800914EBD /* Products */;
			projectDirPath = "";
			projectRoot = "";
			targets = (
				28F60AC02570D84800914EBD /* HW8 - Family */,
				28F60AD62570D84900914EBD /* HW8 - FamilyTests */,
				28F60AE12570D84900914EBD /* HW8 - FamilyUITests */,
			);
		};
/* End PBXProject section */

/* Begin PBXResourcesBuildPhase section */
		28F60ABF2570D84800914EBD /* Resources */ = {
			isa = PBXResourcesBuildPhase;
			buildActionMask = 2147483647;
			files = (
				28F60AD12570D84900914EBD /* LaunchScreen.storyboard in Resources */,
				28F60ACE2570D84900914EBD /* Assets.xcassets in Resources */,
				28F60ACC2570D84800914EBD /* Main.storyboard in Resources */,
			);
			runOnlyForDeploymentPostprocessing = 0;
		};
		28F60AD52570D84900914EBD /* Resources */ = {
			isa = PBXResourcesBuildPhase;
			buildActionMask = 2147483647;
			files = (
			);
			runOnlyForDeploymentPostprocessing = 0;
		};
		28F60AE02570D84900914EBD /* Resources */ = {
			isa = PBXResourcesBuildPhase;
			buildActionMask = 2147483647;
			files = (
			);
			runOnlyForDeploymentPostprocessing = 0;
		};
/* End PBXResourcesBuildPhase section */

/* Begin PBXSourcesBuildPhase section */
		28F60ABD2570D84800914EBD /* Sources */ = {
			isa = PBXSourcesBuildPhase;
			buildActionMask = 2147483647;
			files = (
				28F60AC92570D84800914EBD /* ViewController.swift in Sources */,
				28F60B092570E9D900914EBD /* DataManager.swift in Sources */,
				28F60AC52570D84800914EBD /* AppDelegate.swift in Sources */,
				28F60B032570E6B300914EBD /* Person.swift in Sources */,
				28F60AC72570D84800914EBD /* SceneDelegate.swift in Sources */,
			);
			runOnlyForDeploymentPostprocessing = 0;
		};
		28F60AD32570D84900914EBD /* Sources */ = {
			isa = PBXSourcesBuildPhase;
			buildActionMask = 2147483647;
			files = (
				28F60ADC2570D84900914EBD /* HW8___FamilyTests.swift in Sources */,
			);
			runOnlyForDeploymentPostprocessing = 0;
		};
		28F60ADE2570D84900914EBD /* Sources */ = {
			isa = PBXSourcesBuildPhase;
			buildActionMask = 2147483647;
			files = (
				28F60AE72570D84900914EBD /* HW8___FamilyUITests.swift in Sources */,
			);
			runOnlyForDeploymentPostprocessing = 0;
		};
/* End PBXSourcesBuildPhase section */

/* Begin PBXTargetDependency section */
		28F60AD92570D84900914EBD /* PBXTargetDependency */ = {
			isa = PBXTargetDependency;
			target = 28F60AC02570D84800914EBD /* HW8 - Family */;
			targetProxy = 28F60AD82570D84900914EBD /* PBXContainerItemProxy */;
		};
		28F60AE42570D84900914EBD /* PBXTargetDependency */ = {
			isa = PBXTargetDependency;
			target = 28F60AC02570D84800914EBD /* HW8 - Family */;
			targetProxy = 28F60AE32570D84900914EBD /* PBXContainerItemProxy */;
		};
/* End PBXTargetDependency section */

/* Begin PBXVariantGroup section */
		28F60ACA2570D84800914EBD /* Main.storyboard */ = {
			isa = PBXVariantGroup;
			children = (
				28F60ACB2570D84800914EBD /* Base */,
			);
			name = Main.storyboard;
			sourceTree = "<group>";
		};
		28F60ACF2570D84900914EBD /* LaunchScreen.storyboard */ = {
			isa = PBXVariantGroup;
			children = (
				28F60AD02570D84900914EBD /* Base */,
			);
			name = LaunchScreen.storyboard;
			sourceTree = "<group>";
		};
/* End PBXVariantGroup section */

/* Begin XCBuildConfiguration section */
		28F60AE92570D84900914EBD /* Debug */ = {
			isa = XCBuildConfiguration;
			buildSettings = {
				ALWAYS_SEARCH_USER_PATHS = NO;
				CLANG_ANALYZER_NONNULL = YES;
				CLANG_ANALYZER_NUMBER_OBJECT_CONVERSION = YES_AGGRESSIVE;
				CLANG_CXX_LANGUAGE_STANDARD = "gnu++14";
				CLANG_CXX_LIBRARY = "libc++";
				CLANG_ENABLE_MODULES = YES;
				CLANG_ENABLE_OBJC_ARC = YES;
				CLANG_ENABLE_OBJC_WEAK = YES;
				CLANG_WARN_BLOCK_CAPTURE_AUTORELEASING = YES;
				CLANG_WARN_BOOL_CONVERSION = YES;
				CLANG_WARN_COMMA = YES;
				CLANG_WARN_CONSTANT_CONVERSION = YES;
				CLANG_WARN_DEPRECATED_OBJC_IMPLEMENTATIONS = YES;
				CLANG_WARN_DIRECT_OBJC_ISA_USAGE = YES_ERROR;
				CLANG_WARN_DOCUMENTATION_COMMENTS = YES;
				CLANG_WARN_EMPTY_BODY = YES;
				CLANG_WARN_ENUM_CONVERSION = YES;
				CLANG_WARN_INFINITE_RECURSION = YES;
				CLANG_WARN_INT_CONVERSION = YES;
				CLANG_WARN_NON_LITERAL_NULL_CONVERSION = YES;
				CLANG_WARN_OBJC_IMPLICIT_RETAIN_SELF = YES;
				CLANG_WARN_OBJC_LITERAL_CONVERSION = YES;
				CLANG_WARN_OBJC_ROOT_CLASS = YES_ERROR;
				CLANG_WARN_QUOTED_INCLUDE_IN_FRAMEWORK_HEADER = YES;
				CLANG_WARN_RANGE_LOOP_ANALYSIS = YES;
				CLANG_WARN_STRICT_PROTOTYPES = YES;
				CLANG_WARN_SUSPICIOUS_MOVE = YES;
				CLANG_WARN_UNGUARDED_AVAILABILITY = YES_AGGRESSIVE;
				CLANG_WARN_UNREACHABLE_CODE = YES;
				CLANG_WARN__DUPLICATE_METHOD_MATCH = YES;
				COPY_PHASE_STRIP = NO;
				DEBUG_INFORMATION_FORMAT = dwarf;
				ENABLE_STRICT_OBJC_MSGSEND = YES;
				ENABLE_TESTABILITY = YES;
				GCC_C_LANGUAGE_STANDARD = gnu11;
				GCC_DYNAMIC_NO_PIC = NO;
				GCC_NO_COMMON_BLOCKS = YES;
				GCC_OPTIMIZATION_LEVEL = 0;
				GCC_PREPROCESSOR_DEFINITIONS = (
					"DEBUG=1",
					"$(inherited)",
				);
				GCC_WARN_64_TO_32_BIT_CONVERSION = YES;
				GCC_WARN_ABOUT_RETURN_TYPE = YES_ERROR;
				GCC_WARN_UNDECLARED_SELECTOR = YES;
				GCC_WARN_UNINITIALIZED_AUTOS = YES_AGGRESSIVE;
				GCC_WARN_UNUSED_FUNCTION = YES;
				GCC_WARN_UNUSED_VARIABLE = YES;
				IPHONEOS_DEPLOYMENT_TARGET = 14.2;
				MTL_ENABLE_DEBUG_INFO = INCLUDE_SOURCE;
				MTL_FAST_MATH = YES;
				ONLY_ACTIVE_ARCH = YES;
				SDKROOT = iphoneos;
				SWIFT_ACTIVE_COMPILATION_CONDITIONS = DEBUG;
				SWIFT_OPTIMIZATION_LEVEL = "-Onone";
			};
			name = Debug;
		};
		28F60AEA2570D84900914EBD /* Release */ = {
			isa = XCBuildConfiguration;
			buildSettings = {
				ALWAYS_SEARCH_USER_PATHS = NO;
				CLANG_ANALYZER_NONNULL = YES;
				CLANG_ANALYZER_NUMBER_OBJECT_CONVERSION = YES_AGGRESSIVE;
				CLANG_CXX_LANGUAGE_STANDARD = "gnu++14";
				CLANG_CXX_LIBRARY = "libc++";
				CLANG_ENABLE_MODULES = YES;
				CLANG_ENABLE_OBJC_ARC = YES;
				CLANG_ENABLE_OBJC_WEAK = YES;
				CLANG_WARN_BLOCK_CAPTURE_AUTORELEASING = YES;
				CLANG_WARN_BOOL_CONVERSION = YES;
				CLANG_WARN_COMMA = YES;
				CLANG_WARN_CONSTANT_CONVERSION = YES;
				CLANG_WARN_DEPRECATED_OBJC_IMPLEMENTATIONS = YES;
				CLANG_WARN_DIRECT_OBJC_ISA_USAGE = YES_ERROR;
				CLANG_WARN_DOCUMENTATION_COMMENTS = YES;
				CLANG_WARN_EMPTY_BODY = YES;
				CLANG_WARN_ENUM_CONVERSION = YES;
				CLANG_WARN_INFINITE_RECURSION = YES;
				CLANG_WARN_INT_CONVERSION = YES;
				CLANG_WARN_NON_LITERAL_NULL_CONVERSION = YES;
				CLANG_WARN_OBJC_IMPLICIT_RETAIN_SELF = YES;
				CLANG_WARN_OBJC_LITERAL_CONVERSION = YES;
				CLANG_WARN_OBJC_ROOT_CLASS = YES_ERROR;
				CLANG_WARN_QUOTED_INCLUDE_IN_FRAMEWORK_HEADER = YES;
				CLANG_WARN_RANGE_LOOP_ANALYSIS = YES;
				CLANG_WARN_STRICT_PROTOTYPES = YES;
				CLANG_WARN_SUSPICIOUS_MOVE = YES;
				CLANG_WARN_UNGUARDED_AVAILABILITY = YES_AGGRESSIVE;
				CLANG_WARN_UNREACHABLE_CODE = YES;
				CLANG_WARN__DUPLICATE_METHOD_MATCH = YES;
				COPY_PHASE_STRIP = NO;
				DEBUG_INFORMATION_FORMAT = "dwarf-with-dsym";
				ENABLE_NS_ASSERTIONS = NO;
				ENABLE_STRICT_OBJC_MSGSEND = YES;
				GCC_C_LANGUAGE_STANDARD = gnu11;
				GCC_NO_COMMON_BLOCKS = YES;
				GCC_WARN_64_TO_32_BIT_CONVERSION = YES;
				GCC_WARN_ABOUT_RETURN_TYPE = YES_ERROR;
				GCC_WARN_UNDECLARED_SELECTOR = YES;
				GCC_WARN_UNINITIALIZED_AUTOS = YES_AGGRESSIVE;
				GCC_WARN_UNUSED_FUNCTION = YES;
				GCC_WARN_UNUSED_VARIABLE = YES;
				IPHONEOS_DEPLOYMENT_TARGET = 14.2;
				MTL_ENABLE_DEBUG_INFO = NO;
				MTL_FAST_MATH = YES;
				SDKROOT = iphoneos;
				SWIFT_COMPILATION_MODE = wholemodule;
				SWIFT_OPTIMIZATION_LEVEL = "-O";
				VALIDATE_PRODUCT = YES;
			};
			name = Release;
		};
		28F60AEC2570D84900914EBD /* Debug */ = {
			isa = XCBuildConfiguration;
			buildSettings = {
				ASSETCATALOG_COMPILER_APPICON_NAME = AppIcon;
				ASSETCATALOG_COMPILER_GLOBAL_ACCENT_COLOR_NAME = AccentColor;
				CODE_SIGN_STYLE = Automatic;
				DEVELOPMENT_TEAM = P6332547AA;
				INFOPLIST_FILE = "HW8 - Family/Info.plist";
				LD_RUNPATH_SEARCH_PATHS = (
					"$(inherited)",
					"@executable_path/Frameworks",
				);
				PRODUCT_BUNDLE_IDENTIFIER = "com.tkachenkosj.HW8---Family";
				PRODUCT_NAME = "$(TARGET_NAME)";
				SWIFT_VERSION = 5.0;
				TARGETED_DEVICE_FAMILY = "1,2";
			};
			name = Debug;
		};
		28F60AED2570D84900914EBD /* Release */ = {
			isa = XCBuildConfiguration;
			buildSettings = {
				ASSETCATALOG_COMPILER_APPICON_NAME = AppIcon;
				ASSETCATALOG_COMPILER_GLOBAL_ACCENT_COLOR_NAME = AccentColor;
				CODE_SIGN_STYLE = Automatic;
				DEVELOPMENT_TEAM = P6332547AA;
				INFOPLIST_FILE = "HW8 - Family/Info.plist";
				LD_RUNPATH_SEARCH_PATHS = (
					"$(inherited)",
					"@executable_path/Frameworks",
				);
				PRODUCT_BUNDLE_IDENTIFIER = "com.tkachenkosj.HW8---Family";
				PRODUCT_NAME = "$(TARGET_NAME)";
				SWIFT_VERSION = 5.0;
				TARGETED_DEVICE_FAMILY = "1,2";
			};
			name = Release;
		};
		28F60AEF2570D84900914EBD /* Debug */ = {
			isa = XCBuildConfiguration;
			buildSettings = {
				ALWAYS_EMBED_SWIFT_STANDARD_LIBRARIES = YES;
				BUNDLE_LOADER = "$(TEST_HOST)";
				CODE_SIGN_STYLE = Automatic;
				DEVELOPMENT_TEAM = P6332547AA;
				INFOPLIST_FILE = "HW8 - FamilyTests/Info.plist";
				IPHONEOS_DEPLOYMENT_TARGET = 14.2;
				LD_RUNPATH_SEARCH_PATHS = (
					"$(inherited)",
					"@executable_path/Frameworks",
					"@loader_path/Frameworks",
				);
				PRODUCT_BUNDLE_IDENTIFIER = "com.tkachenkosj.HW8---FamilyTests";
				PRODUCT_NAME = "$(TARGET_NAME)";
				SWIFT_VERSION = 5.0;
				TARGETED_DEVICE_FAMILY = "1,2";
				TEST_HOST = "$(BUILT_PRODUCTS_DIR)/HW8 - Family.app/HW8 - Family";
			};
			name = Debug;
		};
		28F60AF02570D84900914EBD /* Release */ = {
			isa = XCBuildConfiguration;
			buildSettings = {
				ALWAYS_EMBED_SWIFT_STANDARD_LIBRARIES = YES;
				BUNDLE_LOADER = "$(TEST_HOST)";
				CODE_SIGN_STYLE = Automatic;
				DEVELOPMENT_TEAM = P6332547AA;
				INFOPLIST_FILE = "HW8 - FamilyTests/Info.plist";
				IPHONEOS_DEPLOYMENT_TARGET = 14.2;
				LD_RUNPATH_SEARCH_PATHS = (
					"$(inherited)",
					"@executable_path/Frameworks",
					"@loader_path/Frameworks",
				);
				PRODUCT_BUNDLE_IDENTIFIER = "com.tkachenkosj.HW8---FamilyTests";
				PRODUCT_NAME = "$(TARGET_NAME)";
				SWIFT_VERSION = 5.0;
				TARGETED_DEVICE_FAMILY = "1,2";
				TEST_HOST = "$(BUILT_PRODUCTS_DIR)/HW8 - Family.app/HW8 - Family";
			};
			name = Release;
		};
		28F60AF22570D84900914EBD /* Debug */ = {
			isa = XCBuildConfiguration;
			buildSettings = {
				ALWAYS_EMBED_SWIFT_STANDARD_LIBRARIES = YES;
				CODE_SIGN_STYLE = Automatic;
				DEVELOPMENT_TEAM = P6332547AA;
				INFOPLIST_FILE = "HW8 - FamilyUITests/Info.plist";
				LD_RUNPATH_SEARCH_PATHS = (
					"$(inherited)",
					"@executable_path/Frameworks",
					"@loader_path/Frameworks",
				);
				PRODUCT_BUNDLE_IDENTIFIER = "com.tkachenkosj.HW8---FamilyUITests";
				PRODUCT_NAME = "$(TARGET_NAME)";
				SWIFT_VERSION = 5.0;
				TARGETED_DEVICE_FAMILY = "1,2";
				TEST_TARGET_NAME = "HW8 - Family";
			};
			name = Debug;
		};
		28F60AF32570D84900914EBD /* Release */ = {
			isa = XCBuildConfiguration;
			buildSettings = {
				ALWAYS_EMBED_SWIFT_STANDARD_LIBRARIES = YES;
				CODE_SIGN_STYLE = Automatic;
				DEVELOPMENT_TEAM = P6332547AA;
				INFOPLIST_FILE = "HW8 - FamilyUITests/Info.plist";
				LD_RUNPATH_SEARCH_PATHS = (
					"$(inherited)",
					"@executable_path/Frameworks",
					"@loader_path/Frameworks",
				);
				PRODUCT_BUNDLE_IDENTIFIER = "com.tkachenkosj.HW8---FamilyUITests";
				PRODUCT_NAME = "$(TARGET_NAME)";
				SWIFT_VERSION = 5.0;
				TARGETED_DEVICE_FAMILY = "1,2";
				TEST_TARGET_NAME = "HW8 - Family";
			};
			name = Release;
		};
/* End XCBuildConfiguration section */

/* Begin XCConfigurationList section */
		28F60ABC2570D84800914EBD /* Build configuration list for PBXProject "HW8 - Family" */ = {
			isa = XCConfigurationList;
			buildConfigurations = (
				28F60AE92570D84900914EBD /* Debug */,
				28F60AEA2570D84900914EBD /* Release */,
			);
			defaultConfigurationIsVisible = 0;
			defaultConfigurationName = Release;
		};
		28F60AEB2570D84900914EBD /* Build configuration list for PBXNativeTarget "HW8 - Family" */ = {
			isa = XCConfigurationList;
			buildConfigurations = (
				28F60AEC2570D84900914EBD /* Debug */,
				28F60AED2570D84900914EBD /* Release */,
			);
			defaultConfigurationIsVisible = 0;
			defaultConfigurationName = Release;
		};
		28F60AEE2570D84900914EBD /* Build configuration list for PBXNativeTarget "HW8 - FamilyTests" */ = {
			isa = XCConfigurationList;
			buildConfigurations = (
				28F60AEF2570D84900914EBD /* Debug */,
				28F60AF02570D84900914EBD /* Release */,
			);
			defaultConfigurationIsVisible = 0;
			defaultConfigurationName = Release;
		};
		28F60AF12570D84900914EBD /* Build configuration list for PBXNativeTarget "HW8 - FamilyUITests" */ = {
			isa = XCConfigurationList;
			buildConfigurations = (
				28F60AF22570D84900914EBD /* Debug */,
				28F60AF32570D84900914EBD /* Release */,
			);
			defaultConfigurationIsVisible = 0;
			defaultConfigurationName = Release;
		};
/* End XCConfigurationList section */
	};
	rootObject = 28F60AB92570D84800914EBD /* Project object */;
}
